
Microsoft Visual Studio Solution File, Format Version 12.00
# Visual Studio Version 17
VisualStudioVersion = 17.11.35312.102
MinimumVisualStudioVersion = 10.0.40219.1
Project("{FAE04EC0-301F-11D3-BF4B-00C04F79EFBC}") = "GymSync", "GymSync.csproj", "{CADF1333-6076-4D96-86AF-62EF709BEB00}"
EndProject
Global
	GlobalSection(SolutionConfigurationPlatforms) = preSolution
		Debug|Any CPU = Debug|Any CPU
		Release|Any CPU = Release|Any CPU
	EndGlobalSection
	GlobalSection(ProjectConfigurationPlatforms) = postSolution
		{CADF1333-6076-4D96-86AF-62EF709BEB00}.Debug|Any CPU.ActiveCfg = Debug|Any CPU
		{CADF1333-6076-4D96-86AF-62EF709BEB00}.Debug|Any CPU.Build.0 = Debug|Any CPU
		{CADF1333-6076-4D96-86AF-62EF709BEB00}.Release|Any CPU.ActiveCfg = Release|Any CPU
		{CADF1333-6076-4D96-86AF-62EF709BEB00}.Release|Any CPU.Build.0 = Release|Any CPU
	EndGlobalSection
	GlobalSection(SolutionProperties) = preSolution
		HideSolutionNode = FALSE
	EndGlobalSection
	GlobalSection(ExtensibilityGlobals) = postSolution
		SolutionGuid = {5461B698-9900-4DC2-8A92-2CB56D989E31}
	EndGlobalSection
EndGlobal
